
Microsoft Visual Studio Solution File, Format Version 12.00
# Visual Studio 15
VisualStudioVersion = 15.0.28307.421
MinimumVisualStudioVersion = 10.0.40219.1
Project("{F184B08F-C81C-45F6-A57F-5ABD9991F28F}") = "AdatecIMP", "AdatecIMP\AdatecIMP.vbproj", "{14CDD591-DF85-4646-A047-532DE8D942FD}"
EndProject
Global
	GlobalSection(SolutionConfigurationPlatforms) = preSolution
		Debug|Any CPU = Debug|Any CPU
		Release|Any CPU = Release|Any CPU
	EndGlobalSection
	GlobalSection(ProjectConfigurationPlatforms) = postSolution
		{14CDD591-DF85-4646-A047-532DE8D942FD}.Debug|Any CPU.ActiveCfg = Debug|Any CPU
		{14CDD591-DF85-4646-A047-532DE8D942FD}.Debug|Any CPU.Build.0 = Debug|Any CPU
		{14CDD591-DF85-4646-A047-532DE8D942FD}.Release|Any CPU.ActiveCfg = Release|Any CPU
		{14CDD591-DF85-4646-A047-532DE8D942FD}.Release|Any CPU.Build.0 = Release|Any CPU
	EndGlobalSection
	GlobalSection(SolutionProperties) = preSolution
		HideSolutionNode = FALSE
	EndGlobalSection
	GlobalSection(ExtensibilityGlobals) = postSolution
		SolutionGuid = {10DE8B14-5F33-4F11-8135-A5E6B752B0FF}
	EndGlobalSection
EndGlobal
